
Microsoft Visual Studio Solution File, Format Version 12.00
# Visual Studio Version 17
VisualStudioVersion = 17.1.32407.343
MinimumVisualStudioVersion = 10.0.40219.1
Project("{9A19103F-16F7-4668-BE54-9A1E7A4F7556}") = "UseCases", "UseCases\UseCases.csproj", "{A00EF319-99FD-4DC4-A33C-E7ED635B7713}"
EndProject
Project("{9A19103F-16F7-4668-BE54-9A1E7A4F7556}") = "Repositories", "Repositories\Repositories.csproj", "{36F0BB72-22F9-4DFD-8831-698F7AB48BC4}"
EndProject
Project("{9A19103F-16F7-4668-BE54-9A1E7A4F7556}") = "Shared", "Shared\Shared.csproj", "{3361C02E-4A3A-40AF-AEE5-689D9350F505}"
EndProject
Project("{9A19103F-16F7-4668-BE54-9A1E7A4F7556}") = "Borders", "Borders\Borders.csproj", "{7E7AE329-EAC8-43CF-BC22-86B20EEF6AAF}"
EndProject
Project("{FAE04EC0-301F-11D3-BF4B-00C04F79EFBC}") = "API", "API\API.csproj", "{70056BED-7C0E-4E60-82E6-628174560B54}"
EndProject
Global
	GlobalSection(SolutionConfigurationPlatforms) = preSolution
		Debug|Any CPU = Debug|Any CPU
		Release|Any CPU = Release|Any CPU
	EndGlobalSection
	GlobalSection(ProjectConfigurationPlatforms) = postSolution
		{A00EF319-99FD-4DC4-A33C-E7ED635B7713}.Debug|Any CPU.ActiveCfg = Debug|Any CPU
		{A00EF319-99FD-4DC4-A33C-E7ED635B7713}.Debug|Any CPU.Build.0 = Debug|Any CPU
		{A00EF319-99FD-4DC4-A33C-E7ED635B7713}.Release|Any CPU.ActiveCfg = Release|Any CPU
		{A00EF319-99FD-4DC4-A33C-E7ED635B7713}.Release|Any CPU.Build.0 = Release|Any CPU
		{36F0BB72-22F9-4DFD-8831-698F7AB48BC4}.Debug|Any CPU.ActiveCfg = Debug|Any CPU
		{36F0BB72-22F9-4DFD-8831-698F7AB48BC4}.Debug|Any CPU.Build.0 = Debug|Any CPU
		{36F0BB72-22F9-4DFD-8831-698F7AB48BC4}.Release|Any CPU.ActiveCfg = Release|Any CPU
		{36F0BB72-22F9-4DFD-8831-698F7AB48BC4}.Release|Any CPU.Build.0 = Release|Any CPU
		{3361C02E-4A3A-40AF-AEE5-689D9350F505}.Debug|Any CPU.ActiveCfg = Debug|Any CPU
		{3361C02E-4A3A-40AF-AEE5-689D9350F505}.Debug|Any CPU.Build.0 = Debug|Any CPU
		{3361C02E-4A3A-40AF-AEE5-689D9350F505}.Release|Any CPU.ActiveCfg = Release|Any CPU
		{3361C02E-4A3A-40AF-AEE5-689D9350F505}.Release|Any CPU.Build.0 = Release|Any CPU
		{7E7AE329-EAC8-43CF-BC22-86B20EEF6AAF}.Debug|Any CPU.ActiveCfg = Debug|Any CPU
		{7E7AE329-EAC8-43CF-BC22-86B20EEF6AAF}.Debug|Any CPU.Build.0 = Debug|Any CPU
		{7E7AE329-EAC8-43CF-BC22-86B20EEF6AAF}.Release|Any CPU.ActiveCfg = Release|Any CPU
		{7E7AE329-EAC8-43CF-BC22-86B20EEF6AAF}.Release|Any CPU.Build.0 = Release|Any CPU
		{70056BED-7C0E-4E60-82E6-628174560B54}.Debug|Any CPU.ActiveCfg = Debug|Any CPU
		{70056BED-7C0E-4E60-82E6-628174560B54}.Debug|Any CPU.Build.0 = Debug|Any CPU
		{70056BED-7C0E-4E60-82E6-628174560B54}.Release|Any CPU.ActiveCfg = Release|Any CPU
		{70056BED-7C0E-4E60-82E6-628174560B54}.Release|Any CPU.Build.0 = Release|Any CPU
	EndGlobalSection
	GlobalSection(SolutionProperties) = preSolution
		HideSolutionNode = FALSE
	EndGlobalSection
	GlobalSection(ExtensibilityGlobals) = postSolution
		SolutionGuid = {2492AC5A-C844-4C25-AE73-A8FCC5621CB5}
	EndGlobalSection
EndGlobal
